// !$*UTF8*$!
{
	archiveVersion = 1;
	classes = {
	};
	objectVersion = 50;
	objects = {

/* Begin PBXBuildFile section */
		0A7F48512E4AC9B7008C72B6 /* OpenAIClient.swift in Sources */ = {isa = PBXBuildFile; fileRef = 0A7F48502E4AC9B7008C72B6 /* OpenAIClient.swift */; };
		0AC409582E4ABEAF00B25A6B /* llmcodingchallengeApp.swift in Sources */ = {isa = PBXBuildFile; fileRef = 0AC409572E4ABEAF00B25A6B /* llmcodingchallengeApp.swift */; };
		0AC4095A2E4ABEAF00B25A6B /* ContentView.swift in Sources */ = {isa = PBXBuildFile; fileRef = 0AC409592E4ABEAF00B25A6B /* ContentView.swift */; };
		0AC4095C2E4ABEB100B25A6B /* Assets.xcassets in Resources */ = {isa = PBXBuildFile; fileRef = 0AC4095B2E4ABEB100B25A6B /* Assets.xcassets */; };
		0AC4095F2E4ABEB100B25A6B /* Preview Assets.xcassets in Resources */ = {isa = PBXBuildFile; fileRef = 0AC4095E2E4ABEB100B25A6B /* Preview Assets.xcassets */; };
		0AC4096A2E4ABEB100B25A6B /* llmcodingchallengeTests.swift in Sources */ = {isa = PBXBuildFile; fileRef = 0AC409692E4ABEB100B25A6B /* llmcodingchallengeTests.swift */; };
		0AC409752E4ABEB200B25A6B /* llmcodingchallengeUITests.swift in Sources */ = {isa = PBXBuildFile; fileRef = 0AC409742E4ABEB200B25A6B /* llmcodingchallengeUITests.swift */; };
/* End PBXBuildFile section */

/* Begin PBXContainerItemProxy section */
		0AC409662E4ABEB100B25A6B /* PBXContainerItemProxy */ = {
			isa = PBXContainerItemProxy;
			containerPortal = 0AC4094C2E4ABEAF00B25A6B /* Project object */;
			proxyType = 1;
			remoteGlobalIDString = 0AC409532E4ABEAF00B25A6B;
			remoteInfo = llmcodingchallenge;
		};
		0AC409712E4ABEB200B25A6B /* PBXContainerItemProxy */ = {
			isa = PBXContainerItemProxy;
			containerPortal = 0AC4094C2E4ABEAF00B25A6B /* Project object */;
			proxyType = 1;
			remoteGlobalIDString = 0AC409532E4ABEAF00B25A6B;
			remoteInfo = llmcodingchallenge;
		};
/* End PBXContainerItemProxy section */

/* Begin PBXFileReference section */
		0A7F48502E4AC9B7008C72B6 /* OpenAIClient.swift */ = {isa = PBXFileReference; lastKnownFileType = sourcecode.swift; path = OpenAIClient.swift; sourceTree = "<group>"; };
		0AC409542E4ABEAF00B25A6B /* llmcodingchallenge.app */ = {isa = PBXFileReference; explicitFileType = wrapper.application; includeInIndex = 0; path = llmcodingchallenge.app; sourceTree = BUILT_PRODUCTS_DIR; };
		0AC409572E4ABEAF00B25A6B /* llmcodingchallengeApp.swift */ = {isa = PBXFileReference; lastKnownFileType = sourcecode.swift; path = llmcodingchallengeApp.swift; sourceTree = "<group>"; };
		0AC409592E4ABEAF00B25A6B /* ContentView.swift */ = {isa = PBXFileReference; lastKnownFileType = sourcecode.swift; path = ContentView.swift; sourceTree = "<group>"; };
		0AC4095B2E4ABEB100B25A6B /* Assets.xcassets */ = {isa = PBXFileReference; lastKnownFileType = folder.assetcatalog; path = Assets.xcassets; sourceTree = "<group>"; };
		0AC4095E2E4ABEB100B25A6B /* Preview Assets.xcassets */ = {isa = PBXFileReference; lastKnownFileType = folder.assetcatalog; path = "Preview Assets.xcassets"; sourceTree = "<group>"; };
		0AC409602E4ABEB100B25A6B /* Info.plist */ = {isa = PBXFileReference; lastKnownFileType = text.plist.xml; path = Info.plist; sourceTree = "<group>"; };
		0AC409652E4ABEB100B25A6B /* llmcodingchallengeTests.xctest */ = {isa = PBXFileReference; explicitFileType = wrapper.cfbundle; includeInIndex = 0; path = llmcodingchallengeTests.xctest; sourceTree = BUILT_PRODUCTS_DIR; };
		0AC409692E4ABEB100B25A6B /* llmcodingchallengeTests.swift */ = {isa = PBXFileReference; lastKnownFileType = sourcecode.swift; path = llmcodingchallengeTests.swift; sourceTree = "<group>"; };
		0AC4096B2E4ABEB100B25A6B /* Info.plist */ = {isa = PBXFileReference; lastKnownFileType = text.plist.xml; path = Info.plist; sourceTree = "<group>"; };
		0AC409702E4ABEB200B25A6B /* llmcodingchallengeUITests.xctest */ = {isa = PBXFileReference; explicitFileType = wrapper.cfbundle; includeInIndex = 0; path = llmcodingchallengeUITests.xctest; sourceTree = BUILT_PRODUCTS_DIR; };
		0AC409742E4ABEB200B25A6B /* llmcodingchallengeUITests.swift */ = {isa = PBXFileReference; lastKnownFileType = sourcecode.swift; path = llmcodingchallengeUITests.swift; sourceTree = "<group>"; };
		0AC409762E4ABEB200B25A6B /* Info.plist */ = {isa = PBXFileReference; lastKnownFileType = text.plist.xml; path = Info.plist; sourceTree = "<group>"; };
/* End PBXFileReference section */

/* Begin PBXFrameworksBuildPhase section */
		0AC409512E4ABEAF00B25A6B /* Frameworks */ = {
			isa = PBXFrameworksBuildPhase;
			buildActionMask = 2147483647;
			files = (
			);
			runOnlyForDeploymentPostprocessing = 0;
		};
		0AC409622E4ABEB100B25A6B /* Frameworks */ = {
			isa = PBXFrameworksBuildPhase;
			buildActionMask = 2147483647;
			files = (
			);
			runOnlyForDeploymentPostprocessing = 0;
		};
		0AC4096D2E4ABEB200B25A6B /* Frameworks */ = {
			isa = PBXFrameworksBuildPhase;
			buildActionMask = 2147483647;
			files = (
			);
			runOnlyForDeploymentPostprocessing = 0;
		};
/* End PBXFrameworksBuildPhase section */

/* Begin PBXGroup section */
		0AC4094B2E4ABEAF00B25A6B = {
			isa = PBXGroup;
			children = (
				0AC409562E4ABEAF00B25A6B /* llmcodingchallenge */,
				0AC409682E4ABEB100B25A6B /* llmcodingchallengeTests */,
				0AC409732E4ABEB200B25A6B /* llmcodingchallengeUITests */,
				0AC409552E4ABEAF00B25A6B /* Products */,
			);
			sourceTree = "<group>";
		};
		0AC409552E4ABEAF00B25A6B /* Products */ = {
			isa = PBXGroup;
			children = (
				0AC409542E4ABEAF00B25A6B /* llmcodingchallenge.app */,
				0AC409652E4ABEB100B25A6B /* llmcodingchallengeTests.xctest */,
				0AC409702E4ABEB200B25A6B /* llmcodingchallengeUITests.xctest */,
			);
			name = Products;
			sourceTree = "<group>";
		};
		0AC409562E4ABEAF00B25A6B /* llmcodingchallenge */ = {
			isa = PBXGroup;
			children = (
				0AC409572E4ABEAF00B25A6B /* llmcodingchallengeApp.swift */,
				0AC409592E4ABEAF00B25A6B /* ContentView.swift */,
				0A7F48502E4AC9B7008C72B6 /* OpenAIClient.swift */,
				0AC4095B2E4ABEB100B25A6B /* Assets.xcassets */,
				0AC409602E4ABEB100B25A6B /* Info.plist */,
				0AC4095D2E4ABEB100B25A6B /* Preview Content */,
			);
			path = llmcodingchallenge;
			sourceTree = "<group>";
		};
		0AC4095D2E4ABEB100B25A6B /* Preview Content */ = {
			isa = PBXGroup;
			children = (
				0AC4095E2E4ABEB100B25A6B /* Preview Assets.xcassets */,
			);
			path = "Preview Content";
			sourceTree = "<group>";
		};
		0AC409682E4ABEB100B25A6B /* llmcodingchallengeTests */ = {
			isa = PBXGroup;
			children = (
				0AC409692E4ABEB100B25A6B /* llmcodingchallengeTests.swift */,
				0AC4096B2E4ABEB100B25A6B /* Info.plist */,
			);
			path = llmcodingchallengeTests;
			sourceTree = "<group>";
		};
		0AC409732E4ABEB200B25A6B /* llmcodingchallengeUITests */ = {
			isa = PBXGroup;
			children = (
				0AC409742E4ABEB200B25A6B /* llmcodingchallengeUITests.swift */,
				0AC409762E4ABEB200B25A6B /* Info.plist */,
			);
			path = llmcodingchallengeUITests;
			sourceTree = "<group>";
		};
/* End PBXGroup section */

/* Begin PBXNativeTarget section */
		0AC409532E4ABEAF00B25A6B /* llmcodingchallenge */ = {
			isa = PBXNativeTarget;
			buildConfigurationList = 0AC409792E4ABEB200B25A6B /* Build configuration list for PBXNativeTarget "llmcodingchallenge" */;
			buildPhases = (
				0AC409502E4ABEAF00B25A6B /* Sources */,
				0AC409512E4ABEAF00B25A6B /* Frameworks */,
				0AC409522E4ABEAF00B25A6B /* Resources */,
			);
			buildRules = (
			);
			dependencies = (
			);
			name = llmcodingchallenge;
			productName = llmcodingchallenge;
			productReference = 0AC409542E4ABEAF00B25A6B /* llmcodingchallenge.app */;
			productType = "com.apple.product-type.application";
		};
		0AC409642E4ABEB100B25A6B /* llmcodingchallengeTests */ = {
			isa = PBXNativeTarget;
			buildConfigurationList = 0AC4097C2E4ABEB200B25A6B /* Build configuration list for PBXNativeTarget "llmcodingchallengeTests" */;
			buildPhases = (
				0AC409612E4ABEB100B25A6B /* Sources */,
				0AC409622E4ABEB100B25A6B /* Frameworks */,
				0AC409632E4ABEB100B25A6B /* Resources */,
			);
			buildRules = (
			);
			dependencies = (
				0AC409672E4ABEB100B25A6B /* PBXTargetDependency */,
			);
			name = llmcodingchallengeTests;
			productName = llmcodingchallengeTests;
			productReference = 0AC409652E4ABEB100B25A6B /* llmcodingchallengeTests.xctest */;
			productType = "com.apple.product-type.bundle.unit-test";
		};
		0AC4096F2E4ABEB200B25A6B /* llmcodingchallengeUITests */ = {
			isa = PBXNativeTarget;
			buildConfigurationList = 0AC4097F2E4ABEB200B25A6B /* Build configuration list for PBXNativeTarget "llmcodingchallengeUITests" */;
			buildPhases = (
				0AC4096C2E4ABEB200B25A6B /* Sources */,
				0AC4096D2E4ABEB200B25A6B /* Frameworks */,
				0AC4096E2E4ABEB200B25A6B /* Resources */,
			);
			buildRules = (
			);
			dependencies = (
				0AC409722E4ABEB200B25A6B /* PBXTargetDependency */,
			);
			name = llmcodingchallengeUITests;
			productName = llmcodingchallengeUITests;
			productReference = 0AC409702E4ABEB200B25A6B /* llmcodingchallengeUITests.xctest */;
			productType = "com.apple.product-type.bundle.ui-testing";
		};
/* End PBXNativeTarget section */

/* Begin PBXProject section */
		0AC4094C2E4ABEAF00B25A6B /* Project object */ = {
			isa = PBXProject;
			attributes = {
				LastSwiftUpdateCheck = 1240;
				LastUpgradeCheck = 1240;
				TargetAttributes = {
					0AC409532E4ABEAF00B25A6B = {
						CreatedOnToolsVersion = 12.4;
					};
					0AC409642E4ABEB100B25A6B = {
						CreatedOnToolsVersion = 12.4;
						TestTargetID = 0AC409532E4ABEAF00B25A6B;
					};
					0AC4096F2E4ABEB200B25A6B = {
						CreatedOnToolsVersion = 12.4;
						TestTargetID = 0AC409532E4ABEAF00B25A6B;
					};
				};
			};
			buildConfigurationList = 0AC4094F2E4ABEAF00B25A6B /* Build configuration list for PBXProject "llmcodingchallenge" */;
			compatibilityVersion = "Xcode 9.3";
			developmentRegion = en;
			hasScannedForEncodings = 0;
			knownRegions = (
				en,
				Base,
			);
			mainGroup = 0AC4094B2E4ABEAF00B25A6B;
			productRefGroup = 0AC409552E4ABEAF00B25A6B /* Products */;
			projectDirPath = "";
			projectRoot = "";
			targets = (
				0AC409532E4ABEAF00B25A6B /* llmcodingchallenge */,
				0AC409642E4ABEB100B25A6B /* llmcodingchallengeTests */,
				0AC4096F2E4ABEB200B25A6B /* llmcodingchallengeUITests */,
			);
		};
/* End PBXProject section */

/* Begin PBXResourcesBuildPhase section */
		0AC409522E4ABEAF00B25A6B /* Resources */ = {
			isa = PBXResourcesBuildPhase;
			buildActionMask = 2147483647;
			files = (
				0AC4095F2E4ABEB100B25A6B /* Preview Assets.xcassets in Resources */,
				0AC4095C2E4ABEB100B25A6B /* Assets.xcassets in Resources */,
			);
			runOnlyForDeploymentPostprocessing = 0;
		};
		0AC409632E4ABEB100B25A6B /* Resources */ = {
			isa = PBXResourcesBuildPhase;
			buildActionMask = 2147483647;
			files = (
			);
			runOnlyForDeploymentPostprocessing = 0;
		};
		0AC4096E2E4ABEB200B25A6B /* Resources */ = {
			isa = PBXResourcesBuildPhase;
			buildActionMask = 2147483647;
			files = (
			);
			runOnlyForDeploymentPostprocessing = 0;
		};
/* End PBXResourcesBuildPhase section */

/* Begin PBXSourcesBuildPhase section */
		0AC409502E4ABEAF00B25A6B /* Sources */ = {
			isa = PBXSourcesBuildPhase;
			buildActionMask = 2147483647;
			files = (
				0AC4095A2E4ABEAF00B25A6B /* ContentView.swift in Sources */,
				0AC409582E4ABEAF00B25A6B /* llmcodingchallengeApp.swift in Sources */,
				0A7F48512E4AC9B7008C72B6 /* OpenAIClient.swift in Sources */,
			);
			runOnlyForDeploymentPostprocessing = 0;
		};
		0AC409612E4ABEB100B25A6B /* Sources */ = {
			isa = PBXSourcesBuildPhase;
			buildActionMask = 2147483647;
			files = (
				0AC4096A2E4ABEB100B25A6B /* llmcodingchallengeTests.swift in Sources */,
			);
			runOnlyForDeploymentPostprocessing = 0;
		};
		0AC4096C2E4ABEB200B25A6B /* Sources */ = {
			isa = PBXSourcesBuildPhase;
			buildActionMask = 2147483647;
			files = (
				0AC409752E4ABEB200B25A6B /* llmcodingchallengeUITests.swift in Sources */,
			);
			runOnlyForDeploymentPostprocessing = 0;
		};
/* End PBXSourcesBuildPhase section */

/* Begin PBXTargetDependency section */
		0AC409672E4ABEB100B25A6B /* PBXTargetDependency */ = {
			isa = PBXTargetDependency;
			target = 0AC409532E4ABEAF00B25A6B /* llmcodingchallenge */;
			targetProxy = 0AC409662E4ABEB100B25A6B /* PBXContainerItemProxy */;
		};
		0AC409722E4ABEB200B25A6B /* PBXTargetDependency */ = {
			isa = PBXTargetDependency;
			target = 0AC409532E4ABEAF00B25A6B /* llmcodingchallenge */;
			targetProxy = 0AC409712E4ABEB200B25A6B /* PBXContainerItemProxy */;
		};
/* End PBXTargetDependency section */

/* Begin XCBuildConfiguration section */
		0AC409772E4ABEB200B25A6B /* Debug */ = {
			isa = XCBuildConfiguration;
			buildSettings = {
				ALWAYS_SEARCH_USER_PATHS = NO;
				CLANG_ANALYZER_NONNULL = YES;
				CLANG_ANALYZER_NUMBER_OBJECT_CONVERSION = YES_AGGRESSIVE;
				CLANG_CXX_LANGUAGE_STANDARD = "gnu++14";
				CLANG_CXX_LIBRARY = "libc++";
				CLANG_ENABLE_MODULES = YES;
				CLANG_ENABLE_OBJC_ARC = YES;
				CLANG_ENABLE_OBJC_WEAK = YES;
				CLANG_WARN_BLOCK_CAPTURE_AUTORELEASING = YES;
				CLANG_WARN_BOOL_CONVERSION = YES;
				CLANG_WARN_COMMA = YES;
				CLANG_WARN_CONSTANT_CONVERSION = YES;
				CLANG_WARN_DEPRECATED_OBJC_IMPLEMENTATIONS = YES;
				CLANG_WARN_DIRECT_OBJC_ISA_USAGE = YES_ERROR;
				CLANG_WARN_DOCUMENTATION_COMMENTS = YES;
				CLANG_WARN_EMPTY_BODY = YES;
				CLANG_WARN_ENUM_CONVERSION = YES;
				CLANG_WARN_INFINITE_RECURSION = YES;
				CLANG_WARN_INT_CONVERSION = YES;
				CLANG_WARN_NON_LITERAL_NULL_CONVERSION = YES;
				CLANG_WARN_OBJC_IMPLICIT_RETAIN_SELF = YES;
				CLANG_WARN_OBJC_LITERAL_CONVERSION = YES;
				CLANG_WARN_OBJC_ROOT_CLASS = YES_ERROR;
				CLANG_WARN_QUOTED_INCLUDE_IN_FRAMEWORK_HEADER = YES;
				CLANG_WARN_RANGE_LOOP_ANALYSIS = YES;
				CLANG_WARN_STRICT_PROTOTYPES = YES;
				CLANG_WARN_SUSPICIOUS_MOVE = YES;
				CLANG_WARN_UNGUARDED_AVAILABILITY = YES_AGGRESSIVE;
				CLANG_WARN_UNREACHABLE_CODE = YES;
				CLANG_WARN__DUPLICATE_METHOD_MATCH = YES;
				COPY_PHASE_STRIP = NO;
				DEBUG_INFORMATION_FORMAT = dwarf;
				ENABLE_STRICT_OBJC_MSGSEND = YES;
				ENABLE_TESTABILITY = YES;
				GCC_C_LANGUAGE_STANDARD = gnu11;
				GCC_DYNAMIC_NO_PIC = NO;
				GCC_NO_COMMON_BLOCKS = YES;
				GCC_OPTIMIZATION_LEVEL = 0;
				GCC_PREPROCESSOR_DEFINITIONS = (
					"DEBUG=1",
					"$(inherited)",
				);
				GCC_WARN_64_TO_32_BIT_CONVERSION = YES;
				GCC_WARN_ABOUT_RETURN_TYPE = YES_ERROR;
				GCC_WARN_UNDECLARED_SELECTOR = YES;
				GCC_WARN_UNINITIALIZED_AUTOS = YES_AGGRESSIVE;
				GCC_WARN_UNUSED_FUNCTION = YES;
				GCC_WARN_UNUSED_VARIABLE = YES;
				IPHONEOS_DEPLOYMENT_TARGET = 14.4;
				MTL_ENABLE_DEBUG_INFO = INCLUDE_SOURCE;
				MTL_FAST_MATH = YES;
				ONLY_ACTIVE_ARCH = YES;
				SDKROOT = iphoneos;
				SWIFT_ACTIVE_COMPILATION_CONDITIONS = DEBUG;
				SWIFT_OPTIMIZATION_LEVEL = "-Onone";
			};
			name = Debug;
		};
		0AC409782E4ABEB200B25A6B /* Release */ = {
			isa = XCBuildConfiguration;
			buildSettings = {
				ALWAYS_SEARCH_USER_PATHS = NO;
				CLANG_ANALYZER_NONNULL = YES;
				CLANG_ANALYZER_NUMBER_OBJECT_CONVERSION = YES_AGGRESSIVE;
				CLANG_CXX_LANGUAGE_STANDARD = "gnu++14";
				CLANG_CXX_LIBRARY = "libc++";
				CLANG_ENABLE_MODULES = YES;
				CLANG_ENABLE_OBJC_ARC = YES;
				CLANG_ENABLE_OBJC_WEAK = YES;
				CLANG_WARN_BLOCK_CAPTURE_AUTORELEASING = YES;
				CLANG_WARN_BOOL_CONVERSION = YES;
				CLANG_WARN_COMMA = YES;
				CLANG_WARN_CONSTANT_CONVERSION = YES;
				CLANG_WARN_DEPRECATED_OBJC_IMPLEMENTATIONS = YES;
				CLANG_WARN_DIRECT_OBJC_ISA_USAGE = YES_ERROR;
				CLANG_WARN_DOCUMENTATION_COMMENTS = YES;
				CLANG_WARN_EMPTY_BODY = YES;
				CLANG_WARN_ENUM_CONVERSION = YES;
				CLANG_WARN_INFINITE_RECURSION = YES;
				CLANG_WARN_INT_CONVERSION = YES;
				CLANG_WARN_NON_LITERAL_NULL_CONVERSION = YES;
				CLANG_WARN_OBJC_IMPLICIT_RETAIN_SELF = YES;
				CLANG_WARN_OBJC_LITERAL_CONVERSION = YES;
				CLANG_WARN_OBJC_ROOT_CLASS = YES_ERROR;
				CLANG_WARN_QUOTED_INCLUDE_IN_FRAMEWORK_HEADER = YES;
				CLANG_WARN_RANGE_LOOP_ANALYSIS = YES;
				CLANG_WARN_STRICT_PROTOTYPES = YES;
				CLANG_WARN_SUSPICIOUS_MOVE = YES;
				CLANG_WARN_UNGUARDED_AVAILABILITY = YES_AGGRESSIVE;
				CLANG_WARN_UNREACHABLE_CODE = YES;
				CLANG_WARN__DUPLICATE_METHOD_MATCH = YES;
				COPY_PHASE_STRIP = NO;
				DEBUG_INFORMATION_FORMAT = "dwarf-with-dsym";
				ENABLE_NS_ASSERTIONS = NO;
				ENABLE_STRICT_OBJC_MSGSEND = YES;
				GCC_C_LANGUAGE_STANDARD = gnu11;
				GCC_NO_COMMON_BLOCKS = YES;
				GCC_WARN_64_TO_32_BIT_CONVERSION = YES;
				GCC_WARN_ABOUT_RETURN_TYPE = YES_ERROR;
				GCC_WARN_UNDECLARED_SELECTOR = YES;
				GCC_WARN_UNINITIALIZED_AUTOS = YES_AGGRESSIVE;
				GCC_WARN_UNUSED_FUNCTION = YES;
				GCC_WARN_UNUSED_VARIABLE = YES;
				IPHONEOS_DEPLOYMENT_TARGET = 14.4;
				MTL_ENABLE_DEBUG_INFO = NO;
				MTL_FAST_MATH = YES;
				SDKROOT = iphoneos;
				SWIFT_COMPILATION_MODE = wholemodule;
				SWIFT_OPTIMIZATION_LEVEL = "-O";
				VALIDATE_PRODUCT = YES;
			};
			name = Release;
		};
		0AC4097A2E4ABEB200B25A6B /* Debug */ = {
			isa = XCBuildConfiguration;
			buildSettings = {
				ASSETCATALOG_COMPILER_APPICON_NAME = AppIcon;
				ASSETCATALOG_COMPILER_GLOBAL_ACCENT_COLOR_NAME = AccentColor;
				CODE_SIGN_STYLE = Automatic;
				DEVELOPMENT_ASSET_PATHS = "\"llmcodingchallenge/Preview Content\"";
				DEVELOPMENT_TEAM = AV56G8ZTZ6;
				ENABLE_PREVIEWS = YES;
				INFOPLIST_FILE = llmcodingchallenge/Info.plist;
				IPHONEOS_DEPLOYMENT_TARGET = 14.0;
				LD_RUNPATH_SEARCH_PATHS = (
					"$(inherited)",
					"@executable_path/Frameworks",
				);
				PRODUCT_BUNDLE_IDENTIFIER = bruno.pampolha.llmcodingchallenge;
				PRODUCT_NAME = "$(TARGET_NAME)";
				SWIFT_VERSION = 5.0;
				TARGETED_DEVICE_FAMILY = "1,2";
			};
			name = Debug;
		};
		0AC4097B2E4ABEB200B25A6B /* Release */ = {
			isa = XCBuildConfiguration;
			buildSettings = {
				ASSETCATALOG_COMPILER_APPICON_NAME = AppIcon;
				ASSETCATALOG_COMPILER_GLOBAL_ACCENT_COLOR_NAME = AccentColor;
				CODE_SIGN_STYLE = Automatic;
				DEVELOPMENT_ASSET_PATHS = "\"llmcodingchallenge/Preview Content\"";
				DEVELOPMENT_TEAM = AV56G8ZTZ6;
				ENABLE_PREVIEWS = YES;
				INFOPLIST_FILE = llmcodingchallenge/Info.plist;
				IPHONEOS_DEPLOYMENT_TARGET = 14.0;
				LD_RUNPATH_SEARCH_PATHS = (
					"$(inherited)",
					"@executable_path/Frameworks",
				);
				PRODUCT_BUNDLE_IDENTIFIER = bruno.pampolha.llmcodingchallenge;
				PRODUCT_NAME = "$(TARGET_NAME)";
				SWIFT_VERSION = 5.0;
				TARGETED_DEVICE_FAMILY = "1,2";
			};
			name = Release;
		};
		0AC4097D2E4ABEB200B25A6B /* Debug */ = {
			isa = XCBuildConfiguration;
			buildSettings = {
				ALWAYS_EMBED_SWIFT_STANDARD_LIBRARIES = YES;
				BUNDLE_LOADER = "$(TEST_HOST)";
				CODE_SIGN_STYLE = Automatic;
				DEVELOPMENT_TEAM = AV56G8ZTZ6;
				INFOPLIST_FILE = llmcodingchallengeTests/Info.plist;
				IPHONEOS_DEPLOYMENT_TARGET = 14.0;
				LD_RUNPATH_SEARCH_PATHS = (
					"$(inherited)",
					"@executable_path/Frameworks",
					"@loader_path/Frameworks",
				);
				PRODUCT_BUNDLE_IDENTIFIER = bruno.pampolha.llmcodingchallengeTests;
				PRODUCT_NAME = "$(TARGET_NAME)";
				SWIFT_VERSION = 5.0;
				TARGETED_DEVICE_FAMILY = "1,2";
				TEST_HOST = "$(BUILT_PRODUCTS_DIR)/llmcodingchallenge.app/llmcodingchallenge";
			};
			name = Debug;
		};
		0AC4097E2E4ABEB200B25A6B /* Release */ = {
			isa = XCBuildConfiguration;
			buildSettings = {
				ALWAYS_EMBED_SWIFT_STANDARD_LIBRARIES = YES;
				BUNDLE_LOADER = "$(TEST_HOST)";
				CODE_SIGN_STYLE = Automatic;
				DEVELOPMENT_TEAM = AV56G8ZTZ6;
				INFOPLIST_FILE = llmcodingchallengeTests/Info.plist;
				IPHONEOS_DEPLOYMENT_TARGET = 14.0;
				LD_RUNPATH_SEARCH_PATHS = (
					"$(inherited)",
					"@executable_path/Frameworks",
					"@loader_path/Frameworks",
				);
				PRODUCT_BUNDLE_IDENTIFIER = bruno.pampolha.llmcodingchallengeTests;
				PRODUCT_NAME = "$(TARGET_NAME)";
				SWIFT_VERSION = 5.0;
				TARGETED_DEVICE_FAMILY = "1,2";
				TEST_HOST = "$(BUILT_PRODUCTS_DIR)/llmcodingchallenge.app/llmcodingchallenge";
			};
			name = Release;
		};
		0AC409802E4ABEB200B25A6B /* Debug */ = {
			isa = XCBuildConfiguration;
			buildSettings = {
				ALWAYS_EMBED_SWIFT_STANDARD_LIBRARIES = YES;
				CODE_SIGN_STYLE = Automatic;
				DEVELOPMENT_TEAM = AV56G8ZTZ6;
				INFOPLIST_FILE = llmcodingchallengeUITests/Info.plist;
				LD_RUNPATH_SEARCH_PATHS = (
					"$(inherited)",
					"@executable_path/Frameworks",
					"@loader_path/Frameworks",
				);
				PRODUCT_BUNDLE_IDENTIFIER = bruno.pampolha.llmcodingchallengeUITests;
				PRODUCT_NAME = "$(TARGET_NAME)";
				SWIFT_VERSION = 5.0;
				TARGETED_DEVICE_FAMILY = "1,2";
				TEST_TARGET_NAME = llmcodingchallenge;
			};
			name = Debug;
		};
		0AC409812E4ABEB200B25A6B /* Release */ = {
			isa = XCBuildConfiguration;
			buildSettings = {
				ALWAYS_EMBED_SWIFT_STANDARD_LIBRARIES = YES;
				CODE_SIGN_STYLE = Automatic;
				DEVELOPMENT_TEAM = AV56G8ZTZ6;
				INFOPLIST_FILE = llmcodingchallengeUITests/Info.plist;
				LD_RUNPATH_SEARCH_PATHS = (
					"$(inherited)",
					"@executable_path/Frameworks",
					"@loader_path/Frameworks",
				);
				PRODUCT_BUNDLE_IDENTIFIER = bruno.pampolha.llmcodingchallengeUITests;
				PRODUCT_NAME = "$(TARGET_NAME)";
				SWIFT_VERSION = 5.0;
				TARGETED_DEVICE_FAMILY = "1,2";
				TEST_TARGET_NAME = llmcodingchallenge;
			};
			name = Release;
		};
/* End XCBuildConfiguration section */

/* Begin XCConfigurationList section */
		0AC4094F2E4ABEAF00B25A6B /* Build configuration list for PBXProject "llmcodingchallenge" */ = {
			isa = XCConfigurationList;
			buildConfigurations = (
				0AC409772E4ABEB200B25A6B /* Debug */,
				0AC409782E4ABEB200B25A6B /* Release */,
			);
			defaultConfigurationIsVisible = 0;
			defaultConfigurationName = Release;
		};
		0AC409792E4ABEB200B25A6B /* Build configuration list for PBXNativeTarget "llmcodingchallenge" */ = {
			isa = XCConfigurationList;
			buildConfigurations = (
				0AC4097A2E4ABEB200B25A6B /* Debug */,
				0AC4097B2E4ABEB200B25A6B /* Release */,
			);
			defaultConfigurationIsVisible = 0;
			defaultConfigurationName = Release;
		};
		0AC4097C2E4ABEB200B25A6B /* Build configuration list for PBXNativeTarget "llmcodingchallengeTests" */ = {
			isa = XCConfigurationList;
			buildConfigurations = (
				0AC4097D2E4ABEB200B25A6B /* Debug */,
				0AC4097E2E4ABEB200B25A6B /* Release */,
			);
			defaultConfigurationIsVisible = 0;
			defaultConfigurationName = Release;
		};
		0AC4097F2E4ABEB200B25A6B /* Build configuration list for PBXNativeTarget "llmcodingchallengeUITests" */ = {
			isa = XCConfigurationList;
			buildConfigurations = (
				0AC409802E4ABEB200B25A6B /* Debug */,
				0AC409812E4ABEB200B25A6B /* Release */,
			);
			defaultConfigurationIsVisible = 0;
			defaultConfigurationName = Release;
		};
/* End XCConfigurationList section */
	};
	rootObject = 0AC4094C2E4ABEAF00B25A6B /* Project object */;
}
